// !$*UTF8*$!
{
	archiveVersion = 1;
	classes = {
	};
	objectVersion = 46;
	objects = {

/* Begin PBXBuildFile section */
		0475DB8F1F4D0DBE009F505C /* main.m in Sources */ = {isa = PBXBuildFile; fileRef = 0475DB8E1F4D0DBE009F505C /* main.m */; };
		0475DB921F4D0DBE009F505C /* AppDelegate.m in Sources */ = {isa = PBXBuildFile; fileRef = 0475DB911F4D0DBE009F505C /* AppDelegate.m */; };
		0475DB951F4D0DBE009F505C /* ViewController.m in Sources */ = {isa = PBXBuildFile; fileRef = 0475DB941F4D0DBE009F505C /* ViewController.m */; };
		0475DB981F4D0DBE009F505C /* Main.storyboard in Resources */ = {isa = PBXBuildFile; fileRef = 0475DB961F4D0DBE009F505C /* Main.storyboard */; };
		0475DB9A1F4D0DBE009F505C /* Assets.xcassets in Resources */ = {isa = PBXBuildFile; fileRef = 0475DB991F4D0DBE009F505C /* Assets.xcassets */; };
		0475DB9D1F4D0DBE009F505C /* LaunchScreen.storyboard in Resources */ = {isa = PBXBuildFile; fileRef = 0475DB9B1F4D0DBE009F505C /* LaunchScreen.storyboard */; };
/* End PBXBuildFile section */

/* Begin PBXFileReference section */
		0475DB8A1F4D0DBE009F505C /* test.app */ = {isa = PBXFileReference; explicitFileType = wrapper.application; includeInIndex = 0; path = test.app; sourceTree = BUILT_PRODUCTS_DIR; };
		0475DB8E1F4D0DBE009F505C /* main.m */ = {isa = PBXFileReference; lastKnownFileType = sourcecode.c.objc; path = main.m; sourceTree = "<group>"; };
		0475DB901F4D0DBE009F505C /* AppDelegate.h */ = {isa = PBXFileReference; lastKnownFileType = sourcecode.c.h; path = AppDelegate.h; sourceTree = "<group>"; };
		0475DB911F4D0DBE009F505C /* AppDelegate.m */ = {isa = PBXFileReference; lastKnownFileType = sourcecode.c.objc; path = AppDelegate.m; sourceTree = "<group>"; };
		0475DB931F4D0DBE009F505C /* ViewController.h */ = {isa = PBXFileReference; lastKnownFileType = sourcecode.c.h; path = ViewController.h; sourceTree = "<group>"; };
		0475DB941F4D0DBE009F505C /* ViewController.m */ = {isa = PBXFileReference; lastKnownFileType = sourcecode.c.objc; path = ViewController.m; sourceTree = "<group>"; };
		0475DB971F4D0DBE009F505C /* Base */ = {isa = PBXFileReference; lastKnownFileType = file.storyboard; name = Base; path = Base.lproj/Main.storyboard; sourceTree = "<group>"; };
		0475DB991F4D0DBE009F505C /* Assets.xcassets */ = {isa = PBXFileReference; lastKnownFileType = folder.assetcatalog; path = Assets.xcassets; sourceTree = "<group>"; };
		0475DB9C1F4D0DBE009F505C /* Base */ = {isa = PBXFileReference; lastKnownFileType = file.storyboard; name = Base; path = Base.lproj/LaunchScreen.storyboard; sourceTree = "<group>"; };
		0475DB9E1F4D0DBE009F505C /* Info.plist */ = {isa = PBXFileReference; lastKnownFileType = text.plist.xml; path = Info.plist; sourceTree = "<group>"; };
/* End PBXFileReference section */

/* Begin PBXFrameworksBuildPhase section */
		0475DB871F4D0DBE009F505C /* Frameworks */ = {
			isa = PBXFrameworksBuildPhase;
			buildActionMask = 2147483647;
			files = (
			);
			runOnlyForDeploymentPostprocessing = 0;
		};
/* End PBXFrameworksBuildPhase section */

/* Begin PBXGroup section */
		0475DB811F4D0DBE009F505C = {
			isa = PBXGroup;
			children = (
				0475DB8C1F4D0DBE009F505C /* test */,
				0475DB8B1F4D0DBE009F505C /* Products */,
			);
			sourceTree = "<group>";
		};
		0475DB8B1F4D0DBE009F505C /* Products */ = {
			isa = PBXGroup;
			children = (
				0475DB8A1F4D0DBE009F505C /* test.app */,
			);
			name = Products;
			sourceTree = "<group>";
		};
		0475DB8C1F4D0DBE009F505C /* test */ = {
			isa = PBXGroup;
			children = (
				0475DB901F4D0DBE009F505C /* AppDelegate.h */,
				0475DB911F4D0DBE009F505C /* AppDelegate.m */,
				0475DB931F4D0DBE009F505C /* ViewController.h */,
				0475DB941F4D0DBE009F505C /* ViewController.m */,
				0475DB961F4D0DBE009F505C /* Main.storyboard */,
				0475DB991F4D0DBE009F505C /* Assets.xcassets */,
				0475DB9B1F4D0DBE009F505C /* LaunchScreen.storyboard */,
				0475DB9E1F4D0DBE009F505C /* Info.plist */,
				0475DB8D1F4D0DBE009F505C /* Supporting Files */,
			);
			path = test;
			sourceTree = "<group>";
		};
		0475DB8D1F4D0DBE009F505C /* Supporting Files */ = {
			isa = PBXGroup;
			children = (
				0475DB8E1F4D0DBE009F505C /* main.m */,
			);
			name = "Supporting Files";
			sourceTree = "<group>";
		};
/* End PBXGroup section */

/* Begin PBXNativeTarget section */
		0475DB891F4D0DBE009F505C /* test */ = {
			isa = PBXNativeTarget;
			buildConfigurationList = 0475DBA11F4D0DBE009F505C /* Build configuration list for PBXNativeTarget "test" */;
			buildPhases = (
				0475DB861F4D0DBE009F505C /* Sources */,
				0475DB871F4D0DBE009F505C /* Frameworks */,
				0475DB881F4D0DBE009F505C /* Resources */,
			);
			buildRules = (
			);
			dependencies = (
			);
			name = test;
			productName = test;
			productReference = 0475DB8A1F4D0DBE009F505C /* test.app */;
			productType = "com.apple.product-type.application";
		};
/* End PBXNativeTarget section */

/* Begin PBXProject section */
		0475DB821F4D0DBE009F505C /* Project object */ = {
			isa = PBXProject;
			attributes = {
				LastUpgradeCheck = 0830;
				ORGANIZATIONNAME = mac;
				TargetAttributes = {
					0475DB891F4D0DBE009F505C = {
						CreatedOnToolsVersion = 8.3.3;
						DevelopmentTeam = DFARS7X79T;
						ProvisioningStyle = Automatic;
					};
				};
			};
			buildConfigurationList = 0475DB851F4D0DBE009F505C /* Build configuration list for PBXProject "test" */;
			compatibilityVersion = "Xcode 3.2";
			developmentRegion = English;
			hasScannedForEncodings = 0;
			knownRegions = (
				en,
				Base,
			);
			mainGroup = 0475DB811F4D0DBE009F505C;
			productRefGroup = 0475DB8B1F4D0DBE009F505C /* Products */;
			projectDirPath = "";
			projectRoot = "";
			targets = (
				0475DB891F4D0DBE009F505C /* test */,
			);
		};
/* End PBXProject section */

/* Begin PBXResourcesBuildPhase section */
		0475DB881F4D0DBE009F505C /* Resources */ = {
			isa = PBXResourcesBuildPhase;
			buildActionMask = 2147483647;
			files = (
				0475DB9D1F4D0DBE009F505C /* LaunchScreen.storyboard in Resources */,
				0475DB9A1F4D0DBE009F505C /* Assets.xcassets in Resources */,
				0475DB981F4D0DBE009F505C /* Main.storyboard in Resources */,
			);
			runOnlyForDeploymentPostprocessing = 0;
		};
/* End PBXResourcesBuildPhase section */

/* Begin PBXSourcesBuildPhase section */
		0475DB861F4D0DBE009F505C /* Sources */ = {
			isa = PBXSourcesBuildPhase;
			buildActionMask = 2147483647;
			files = (
				0475DB951F4D0DBE009F505C /* ViewController.m in Sources */,
				0475DB921F4D0DBE009F505C /* AppDelegate.m in Sources */,
				0475DB8F1F4D0DBE009F505C /* main.m in Sources */,
			);
			runOnlyForDeploymentPostprocessing = 0;
		};
/* End PBXSourcesBuildPhase section */

/* Begin PBXVariantGroup section */
		0475DB961F4D0DBE009F505C /* Main.storyboard */ = {
			isa = PBXVariantGroup;
			children = (
				0475DB971F4D0DBE009F505C /* Base */,
			);
			name = Main.storyboard;
			sourceTree = "<group>";
		};
		0475DB9B1F4D0DBE009F505C /* LaunchScreen.storyboard */ = {
			isa = PBXVariantGroup;
			children = (
				0475DB9C1F4D0DBE009F505C /* Base */,
			);
			name = LaunchScreen.storyboard;
			sourceTree = "<group>";
		};
/* End PBXVariantGroup section */

/* Begin XCBuildConfiguration section */
		0475DB9F1F4D0DBE009F505C /* Debug */ = {
			isa = XCBuildConfiguration;
			buildSettings = {
				ALWAYS_SEARCH_USER_PATHS = NO;
				CLANG_ANALYZER_NONNULL = YES;
				CLANG_ANALYZER_NUMBER_OBJECT_CONVERSION = YES_AGGRESSIVE;
				CLANG_CXX_LANGUAGE_STANDARD = "gnu++0x";
				CLANG_CXX_LIBRARY = "libc++";
				CLANG_ENABLE_MODULES = YES;
				CLANG_ENABLE_OBJC_ARC = YES;
				CLANG_WARN_BOOL_CONVERSION = YES;
				CLANG_WARN_CONSTANT_CONVERSION = YES;
				CLANG_WARN_DIRECT_OBJC_ISA_USAGE = YES_ERROR;
				CLANG_WARN_DOCUMENTATION_COMMENTS = YES;
				CLANG_WARN_EMPTY_BODY = YES;
				CLANG_WARN_ENUM_CONVERSION = YES;
				CLANG_WARN_INFINITE_RECURSION = YES;
				CLANG_WARN_INT_CONVERSION = YES;
				CLANG_WARN_OBJC_ROOT_CLASS = YES_ERROR;
				CLANG_WARN_SUSPICIOUS_MOVE = YES;
				CLANG_WARN_UNREACHABLE_CODE = YES;
				CLANG_WARN__DUPLICATE_METHOD_MATCH = YES;
				"CODE_SIGN_IDENTITY[sdk=iphoneos*]" = "iPhone Developer";
				COPY_PHASE_STRIP = NO;
				DEBUG_INFORMATION_FORMAT = dwarf;
				ENABLE_STRICT_OBJC_MSGSEND = YES;
				ENABLE_TESTABILITY = YES;
				GCC_C_LANGUAGE_STANDARD = gnu99;
				GCC_DYNAMIC_NO_PIC = NO;
				GCC_NO_COMMON_BLOCKS = YES;
				GCC_OPTIMIZATION_LEVEL = 0;
				GCC_PREPROCESSOR_DEFINITIONS = (
					"DEBUG=1",
					"$(inherited)",
				);
				GCC_WARN_64_TO_32_BIT_CONVERSION = YES;
				GCC_WARN_ABOUT_RETURN_TYPE = YES_ERROR;
				GCC_WARN_UNDECLARED_SELECTOR = YES;
				GCC_WARN_UNINITIALIZED_AUTOS = YES_AGGRESSIVE;
				GCC_WARN_UNUSED_FUNCTION = YES;
				GCC_WARN_UNUSED_VARIABLE = YES;
				IPHONEOS_DEPLOYMENT_TARGET = 10.3;
				MTL_ENABLE_DEBUG_INFO = YES;
				ONLY_ACTIVE_ARCH = YES;
				SDKROOT = iphoneos;
				TARGETED_DEVICE_FAMILY = "1,2";
			};
			name = Debug;
		};
		0475DBA01F4D0DBE009F505C /* Release */ = {
			isa = XCBuildConfiguration;
			buildSettings = {
				ALWAYS_SEARCH_USER_PATHS = NO;
				CLANG_ANALYZER_NONNULL = YES;
				CLANG_ANALYZER_NUMBER_OBJECT_CONVERSION = YES_AGGRESSIVE;
				CLANG_CXX_LANGUAGE_STANDARD = "gnu++0x";
				CLANG_CXX_LIBRARY = "libc++";
				CLANG_ENABLE_MODULES = YES;
				CLANG_ENABLE_OBJC_ARC = YES;
				CLANG_WARN_BOOL_CONVERSION = YES;
				CLANG_WARN_CONSTANT_CONVERSION = YES;
				CLANG_WARN_DIRECT_OBJC_ISA_USAGE = YES_ERROR;
				CLANG_WARN_DOCUMENTATION_COMMENTS = YES;
				CLANG_WARN_EMPTY_BODY = YES;
				CLANG_WARN_ENUM_CONVERSION = YES;
				CLANG_WARN_INFINITE_RECURSION = YES;
				CLANG_WARN_INT_CONVERSION = YES;
				CLANG_WARN_OBJC_ROOT_CLASS = YES_ERROR;
				CLANG_WARN_SUSPICIOUS_MOVE = YES;
				CLANG_WARN_UNREACHABLE_CODE = YES;
				CLANG_WARN__DUPLICATE_METHOD_MATCH = YES;
				"CODE_SIGN_IDENTITY[sdk=iphoneos*]" = "iPhone Developer";
				COPY_PHASE_STRIP = NO;
				DEBUG_INFORMATION_FORMAT = "dwarf-with-dsym";
				ENABLE_NS_ASSERTIONS = NO;
				ENABLE_STRICT_OBJC_MSGSEND = YES;
				GCC_C_LANGUAGE_STANDARD = gnu99;
				GCC_NO_COMMON_BLOCKS = YES;
				GCC_WARN_64_TO_32_BIT_CONVERSION = YES;
				GCC_WARN_ABOUT_RETURN_TYPE = YES_ERROR;
				GCC_WARN_UNDECLARED_SELECTOR = YES;
				GCC_WARN_UNINITIALIZED_AUTOS = YES_AGGRESSIVE;
				GCC_WARN_UNUSED_FUNCTION = YES;
				GCC_WARN_UNUSED_VARIABLE = YES;
				IPHONEOS_DEPLOYMENT_TARGET = 10.3;
				MTL_ENABLE_DEBUG_INFO = NO;
				SDKROOT = iphoneos;
				TARGETED_DEVICE_FAMILY = "1,2";
				VALIDATE_PRODUCT = YES;
			};
			name = Release;
		};
		0475DBA21F4D0DBE009F505C /* Debug */ = {
			isa = XCBuildConfiguration;
			buildSettings = {
				ASSETCATALOG_COMPILER_APPICON_NAME = AppIcon;
				DEVELOPMENT_TEAM = DFARS7X79T;
				INFOPLIST_FILE = test/Info.plist;
				LD_RUNPATH_SEARCH_PATHS = "$(inherited) @executable_path/Frameworks";
				PRODUCT_BUNDLE_IDENTIFIER = zhengyang.test;
				PRODUCT_NAME = "$(TARGET_NAME)";
			};
			name = Debug;
		};
		0475DBA31F4D0DBE009F505C /* Release */ = {
			isa = XCBuildConfiguration;
			buildSettings = {
				ASSETCATALOG_COMPILER_APPICON_NAME = AppIcon;
				DEVELOPMENT_TEAM = DFARS7X79T;
				INFOPLIST_FILE = test/Info.plist;
				LD_RUNPATH_SEARCH_PATHS = "$(inherited) @executable_path/Frameworks";
				PRODUCT_BUNDLE_IDENTIFIER = zhengyang.test;
				PRODUCT_NAME = "$(TARGET_NAME)";
			};
			name = Release;
		};
/* End XCBuildConfiguration section */

/* Begin XCConfigurationList section */
		0475DB851F4D0DBE009F505C /* Build configuration list for PBXProject "test" */ = {
			isa = XCConfigurationList;
			buildConfigurations = (
				0475DB9F1F4D0DBE009F505C /* Debug */,
				0475DBA01F4D0DBE009F505C /* Release */,
			);
			defaultConfigurationIsVisible = 0;
			defaultConfigurationName = Release;
		};
		0475DBA11F4D0DBE009F505C /* Build configuration list for PBXNativeTarget "test" */ = {
			isa = XCConfigurationList;
			buildConfigurations = (
				0475DBA21F4D0DBE009F505C /* Debug */,
				0475DBA31F4D0DBE009F505C /* Release */,
			);
			defaultConfigurationIsVisible = 0;
		};
/* End XCConfigurationList section */
	};
	rootObject = 0475DB821F4D0DBE009F505C /* Project object */;
}
